{
  "version": 4,
  "terraform_version": "1.1.2",
  "serial": 32,
  "lineage": "a8e82c71-ae36-b146-c4f1-5a8ea3853d5c",
  "outputs": {},
  "resources": [
    {
      "module": "module.fireheet-digitalocean",
      "mode": "managed",
      "type": "digitalocean_droplet",
      "name": "new_fheet_droplet_0001",
      "provider": "module.fireheet-digitalocean.provider[\"registry.terraform.io/digitalocean/digitalocean\"]",
      "instances": [
        {
          "schema_version": 1,
          "attributes": {
            "backups": false,
            "created_at": "2021-12-28T15:49:41Z",
            "disk": 80,
            "droplet_agent": null,
            "graceful_shutdown": false,
            "id": "279707998",
            "image": "ubuntu-18-04-x64",
            "ipv4_address": "104.131.51.229",
            "ipv4_address_private": "10.10.10.2",
            "ipv6": false,
            "ipv6_address": "",
            "locked": false,
            "memory": 4096,
            "monitoring": false,
            "name": "fheet-droplet-0001",
            "price_hourly": 0.02976,
            "price_monthly": 20,
            "private_networking": true,
            "region": "nyc3",
            "resize_disk": true,
            "size": "s-2vcpu-4gb",
            "ssh_keys": [
              "32771577"
            ],
            "status": "active",
            "tags": [
              "fireheet-testing"
            ],
            "urn": "do:droplet:279707998",
            "user_data": null,
            "vcpus": 2,
            "volume_ids": [],
            "vpc_uuid": "86629f48-8788-4a0e-851e-9880aa02ac2c"
          },
          "sensitive_attributes": [],
          "private": "eyJzY2hlbWFfdmVyc2lvbiI6IjEifQ==",
          "dependencies": [
            "module.fireheet-digitalocean.digitalocean_ssh_key.fheet_key",
            "module.fireheet-digitalocean.digitalocean_tag.fheet_tag",
            "module.fireheet-digitalocean.digitalocean_vpc.fheet_new_vpc_0001"
          ]
        }
      ]
    },
    {
      "module": "module.fireheet-digitalocean",
      "mode": "managed",
      "type": "digitalocean_firewall",
      "name": "fhet-firewall",
      "provider": "module.fireheet-digitalocean.provider[\"registry.terraform.io/digitalocean/digitalocean\"]",
      "instances": [
        {
          "schema_version": 0,
          "attributes": {
            "created_at": "2021-12-28T15:23:00Z",
            "droplet_ids": [
              279707998
            ],
            "id": "8155761c-3445-4f00-a985-9bcb50812a91",
            "inbound_rule": [
              {
                "port_range": "",
                "protocol": "icmp",
                "source_addresses": [
                  "0.0.0.0/0",
                  "::/0"
                ],
                "source_droplet_ids": [],
                "source_kubernetes_ids": [],
                "source_load_balancer_uids": [],
                "source_tags": []
              },
              {
                "port_range": "22",
                "protocol": "tcp",
                "source_addresses": [
                  "192.168.1.0/24",
                  "2002:1:2::/48"
                ],
                "source_droplet_ids": [],
                "source_kubernetes_ids": [],
                "source_load_balancer_uids": [],
                "source_tags": []
              },
              {
                "port_range": "443",
                "protocol": "tcp",
                "source_addresses": [
                  "0.0.0.0/0",
                  "::/0"
                ],
                "source_droplet_ids": [],
                "source_kubernetes_ids": [],
                "source_load_balancer_uids": [],
                "source_tags": []
              },
              {
                "port_range": "5000",
                "protocol": "tcp",
                "source_addresses": [
                  "192.168.1.0/24",
                  "2002:1:2::/48"
                ],
                "source_droplet_ids": [],
                "source_kubernetes_ids": [],
                "source_load_balancer_uids": [],
                "source_tags": []
              },
              {
                "port_range": "5044",
                "protocol": "tcp",
                "source_addresses": [
                  "192.168.1.0/24",
                  "2002:1:2::/48"
                ],
                "source_droplet_ids": [],
                "source_kubernetes_ids": [],
                "source_load_balancer_uids": [],
                "source_tags": []
              },
              {
                "port_range": "5432",
                "protocol": "tcp",
                "source_addresses": [
                  "192.168.1.0/24",
                  "2002:1:2::/48"
                ],
                "source_droplet_ids": [],
                "source_kubernetes_ids": [],
                "source_load_balancer_uids": [],
                "source_tags": []
              },
              {
                "port_range": "5601",
                "protocol": "tcp",
                "source_addresses": [
                  "192.168.1.0/24",
                  "2002:1:2::/48"
                ],
                "source_droplet_ids": [],
                "source_kubernetes_ids": [],
                "source_load_balancer_uids": [],
                "source_tags": []
              },
              {
                "port_range": "80",
                "protocol": "tcp",
                "source_addresses": [
                  "0.0.0.0/0",
                  "::/0"
                ],
                "source_droplet_ids": [],
                "source_kubernetes_ids": [],
                "source_load_balancer_uids": [],
                "source_tags": []
              },
              {
                "port_range": "9200",
                "protocol": "tcp",
                "source_addresses": [
                  "192.168.1.0/24",
                  "2002:1:2::/48"
                ],
                "source_droplet_ids": [],
                "source_kubernetes_ids": [],
                "source_load_balancer_uids": [],
                "source_tags": []
              },
              {
                "port_range": "9300",
                "protocol": "tcp",
                "source_addresses": [
                  "192.168.1.0/24",
                  "2002:1:2::/48"
                ],
                "source_droplet_ids": [],
                "source_kubernetes_ids": [],
                "source_load_balancer_uids": [],
                "source_tags": []
              },
              {
                "port_range": "9600",
                "protocol": "tcp",
                "source_addresses": [
                  "192.168.1.0/24",
                  "2002:1:2::/48"
                ],
                "source_droplet_ids": [],
                "source_kubernetes_ids": [],
                "source_load_balancer_uids": [],
                "source_tags": []
              }
            ],
            "name": "fheet-firewall",
            "outbound_rule": [
              {
                "destination_addresses": [
                  "0.0.0.0/0",
                  "::/0"
                ],
                "destination_droplet_ids": [],
                "destination_kubernetes_ids": [],
                "destination_load_balancer_uids": [],
                "destination_tags": [],
                "port_range": "",
                "protocol": "icmp"
              },
              {
                "destination_addresses": [
                  "0.0.0.0/0",
                  "::/0"
                ],
                "destination_droplet_ids": [],
                "destination_kubernetes_ids": [],
                "destination_load_balancer_uids": [],
                "destination_tags": [],
                "port_range": "53",
                "protocol": "tcp"
              },
              {
                "destination_addresses": [
                  "0.0.0.0/0",
                  "::/0"
                ],
                "destination_droplet_ids": [],
                "destination_kubernetes_ids": [],
                "destination_load_balancer_uids": [],
                "destination_tags": [],
                "port_range": "53",
                "protocol": "udp"
              }
            ],
            "pending_changes": [
              {
                "droplet_id": 279707998,
                "removing": false,
                "status": "waiting"
              }
            ],
            "status": "waiting",
            "tags": []
          },
          "sensitive_attributes": [],
          "private": "bnVsbA==",
          "dependencies": [
            "module.fireheet-digitalocean.digitalocean_droplet.new_fheet_droplet_0001",
            "module.fireheet-digitalocean.digitalocean_ssh_key.fheet_key",
            "module.fireheet-digitalocean.digitalocean_tag.fheet_tag",
            "module.fireheet-digitalocean.digitalocean_vpc.fheet_new_vpc_0001"
          ]
        }
      ]
    },
    {
      "module": "module.fireheet-digitalocean",
      "mode": "managed",
      "type": "digitalocean_ssh_key",
      "name": "fheet_key",
      "provider": "module.fireheet-digitalocean.provider[\"registry.terraform.io/digitalocean/digitalocean\"]",
      "instances": [
        {
          "schema_version": 0,
          "attributes": {
            "fingerprint": "39:ce:c5:9b:2e:7e:ca:a4:26:54:1b:24:64:a3:c1:b1",
            "id": "32771577",
            "name": "Fireheet Key",
            "public_key": "ssh-rsa AAAAB3NzaC1yc2EAAAADAQABAAABAQC/mFdXLiCCezJN+s13A9Yd2PV0L+d5zeQ4s/hfMxDTQ5immZtJOXfYgLfITDbnd3SIt/ZjHZp3p0IzKgSMEnWq5BJCeUCQ0pid8KjG0/S/6QX9AZaLukz1M/yIG+6sH0qhbMWIHq0C6ttoo9jf+fbkVDxDakfuvvJHeSHxt5I2czcEH9E+Lzjivk15sVJLzt5Ds7BZkfEErCAvK+KQxoG6CapCjxrdrjKRlcihhf9bVg0Oijih9gaZUDwao5YdPRn3Oyfcei8g+5+CwkFyX1S0OWbWvjaabFzn5cG0RdOMCSWUmoSSSAGXXQ7xd+WuUL8Hd6/NHI7JvQankSIY9DPZ carlyfss@DESKTOP-E2FVJBO\n"
          },
          "sensitive_attributes": [],
          "private": "bnVsbA=="
        }
      ]
    },
    {
      "module": "module.fireheet-digitalocean",
      "mode": "managed",
      "type": "digitalocean_tag",
      "name": "fheet_tag",
      "provider": "module.fireheet-digitalocean.provider[\"registry.terraform.io/digitalocean/digitalocean\"]",
      "instances": [
        {
          "schema_version": 0,
          "attributes": {
            "databases_count": 0,
            "droplets_count": 0,
            "id": "fireheet-testing",
            "images_count": 0,
            "name": "fireheet-testing",
            "total_resource_count": 0,
            "volume_snapshots_count": 0,
            "volumes_count": 0
          },
          "sensitive_attributes": [],
          "private": "bnVsbA=="
        }
      ]
    },
    {
      "module": "module.fireheet-digitalocean",
      "mode": "managed",
      "type": "digitalocean_vpc",
      "name": "fheet_new_vpc_0001",
      "provider": "module.fireheet-digitalocean.provider[\"registry.terraform.io/digitalocean/digitalocean\"]",
      "instances": [
        {
          "schema_version": 0,
          "attributes": {
            "created_at": "2021-12-28 15:49:39 +0000 UTC",
            "default": false,
            "description": "",
            "id": "86629f48-8788-4a0e-851e-9880aa02ac2c",
            "ip_range": "10.10.10.0/24",
            "name": "fireheet-vpc-0001",
            "region": "nyc3",
            "timeouts": null,
            "urn": "do:vpc:86629f48-8788-4a0e-851e-9880aa02ac2c"
          },
          "sensitive_attributes": [],
          "private": "eyJlMmJmYjczMC1lY2FhLTExZTYtOGY4OC0zNDM2M2JjN2M0YzAiOnsiZGVsZXRlIjoxMjAwMDAwMDAwMDB9fQ=="
        }
      ]
    }
  ]
}
